
Microsoft Visual Studio Solution File, Format Version 12.00
Project("{FAE04EC0-301F-11D3-BF4B-00C04F79EFBC}") = "MessagingOrangeBookClub", "MessagingOrangeBookClub\MessagingOrangeBookClub.csproj", "{D25671A8-65A0-4DA0-9CF3-93F53584F5A9}"
EndProject
Global
	GlobalSection(SolutionConfigurationPlatforms) = preSolution
		Debug|Any CPU = Debug|Any CPU
		Release|Any CPU = Release|Any CPU
	EndGlobalSection
	GlobalSection(ProjectConfigurationPlatforms) = postSolution
		{D25671A8-65A0-4DA0-9CF3-93F53584F5A9}.Debug|Any CPU.ActiveCfg = Debug|Any CPU
		{D25671A8-65A0-4DA0-9CF3-93F53584F5A9}.Debug|Any CPU.Build.0 = Debug|Any CPU
		{D25671A8-65A0-4DA0-9CF3-93F53584F5A9}.Release|Any CPU.ActiveCfg = Release|Any CPU
		{D25671A8-65A0-4DA0-9CF3-93F53584F5A9}.Release|Any CPU.Build.0 = Release|Any CPU
	EndGlobalSection
EndGlobal
